// !$*UTF8*$!
{
	archiveVersion = 1;
	classes = {
	};
	objectVersion = 56;
	objects = {

/* Begin PBXBuildFile section */
		C700FC9C2A4312DC00A2A7B7 /* AppDelegate.swift in Sources */ = {isa = PBXBuildFile; fileRef = C700FC9B2A4312DC00A2A7B7 /* AppDelegate.swift */; };
		C700FC9E2A4312DC00A2A7B7 /* SceneDelegate.swift in Sources */ = {isa = PBXBuildFile; fileRef = C700FC9D2A4312DC00A2A7B7 /* SceneDelegate.swift */; };
		C700FCA32A4312DC00A2A7B7 /* Main.storyboard in Resources */ = {isa = PBXBuildFile; fileRef = C700FCA12A4312DC00A2A7B7 /* Main.storyboard */; };
		C700FCA52A4312DD00A2A7B7 /* Assets.xcassets in Resources */ = {isa = PBXBuildFile; fileRef = C700FCA42A4312DD00A2A7B7 /* Assets.xcassets */; };
		C700FCA82A4312DD00A2A7B7 /* LaunchScreen.storyboard in Resources */ = {isa = PBXBuildFile; fileRef = C700FCA62A4312DD00A2A7B7 /* LaunchScreen.storyboard */; };
		C700FCB12A43130500A2A7B7 /* Api.swift in Sources */ = {isa = PBXBuildFile; fileRef = C700FCB02A43130500A2A7B7 /* Api.swift */; };
		C700FCB52A43131E00A2A7B7 /* ViewController.swift in Sources */ = {isa = PBXBuildFile; fileRef = C700FCB32A43131E00A2A7B7 /* ViewController.swift */; };
		C700FCB62A43131E00A2A7B7 /* CollectionViewCell.swift in Sources */ = {isa = PBXBuildFile; fileRef = C700FCB42A43131E00A2A7B7 /* CollectionViewCell.swift */; };
		C700FCB92A4313E200A2A7B7 /* Alamofire in Frameworks */ = {isa = PBXBuildFile; productRef = C700FCB82A4313E200A2A7B7 /* Alamofire */; };
		C700FCBC2A43143F00A2A7B7 /* SDWebImage in Frameworks */ = {isa = PBXBuildFile; productRef = C700FCBB2A43143F00A2A7B7 /* SDWebImage */; };
		C700FCBE2A43143F00A2A7B7 /* SDWebImageMapKit in Frameworks */ = {isa = PBXBuildFile; productRef = C700FCBD2A43143F00A2A7B7 /* SDWebImageMapKit */; };
		C700FCC12A43151800A2A7B7 /* PhotoModel.swift in Sources */ = {isa = PBXBuildFile; fileRef = C700FCC02A43151800A2A7B7 /* PhotoModel.swift */; };
		C700FCC42A4316BC00A2A7B7 /* CustomImageView.swift in Sources */ = {isa = PBXBuildFile; fileRef = C700FCC32A4316BC00A2A7B7 /* CustomImageView.swift */; };
/* End PBXBuildFile section */

/* Begin PBXFileReference section */
		C700FC982A4312DC00A2A7B7 /* photo_app_MVC_w408.app */ = {isa = PBXFileReference; explicitFileType = wrapper.application; includeInIndex = 0; path = photo_app_MVC_w408.app; sourceTree = BUILT_PRODUCTS_DIR; };
		C700FC9B2A4312DC00A2A7B7 /* AppDelegate.swift */ = {isa = PBXFileReference; lastKnownFileType = sourcecode.swift; path = AppDelegate.swift; sourceTree = "<group>"; };
		C700FC9D2A4312DC00A2A7B7 /* SceneDelegate.swift */ = {isa = PBXFileReference; lastKnownFileType = sourcecode.swift; path = SceneDelegate.swift; sourceTree = "<group>"; };
		C700FCA22A4312DC00A2A7B7 /* Base */ = {isa = PBXFileReference; lastKnownFileType = file.storyboard; name = Base; path = Base.lproj/Main.storyboard; sourceTree = "<group>"; };
		C700FCA42A4312DD00A2A7B7 /* Assets.xcassets */ = {isa = PBXFileReference; lastKnownFileType = folder.assetcatalog; path = Assets.xcassets; sourceTree = "<group>"; };
		C700FCA72A4312DD00A2A7B7 /* Base */ = {isa = PBXFileReference; lastKnownFileType = file.storyboard; name = Base; path = Base.lproj/LaunchScreen.storyboard; sourceTree = "<group>"; };
		C700FCA92A4312DD00A2A7B7 /* Info.plist */ = {isa = PBXFileReference; lastKnownFileType = text.plist.xml; path = Info.plist; sourceTree = "<group>"; };
		C700FCB02A43130500A2A7B7 /* Api.swift */ = {isa = PBXFileReference; fileEncoding = 4; lastKnownFileType = sourcecode.swift; path = Api.swift; sourceTree = "<group>"; };
		C700FCB32A43131E00A2A7B7 /* ViewController.swift */ = {isa = PBXFileReference; fileEncoding = 4; lastKnownFileType = sourcecode.swift; path = ViewController.swift; sourceTree = "<group>"; };
		C700FCB42A43131E00A2A7B7 /* CollectionViewCell.swift */ = {isa = PBXFileReference; fileEncoding = 4; lastKnownFileType = sourcecode.swift; path = CollectionViewCell.swift; sourceTree = "<group>"; };
		C700FCC02A43151800A2A7B7 /* PhotoModel.swift */ = {isa = PBXFileReference; lastKnownFileType = sourcecode.swift; path = PhotoModel.swift; sourceTree = "<group>"; };
		C700FCC32A4316BC00A2A7B7 /* CustomImageView.swift */ = {isa = PBXFileReference; fileEncoding = 4; lastKnownFileType = sourcecode.swift; name = CustomImageView.swift; path = ../../photo_app_w407/photo_app_w407/CustomImageView.swift; sourceTree = "<group>"; };
/* End PBXFileReference section */

/* Begin PBXFrameworksBuildPhase section */
		C700FC952A4312DC00A2A7B7 /* Frameworks */ = {
			isa = PBXFrameworksBuildPhase;
			buildActionMask = 2147483647;
			files = (
				C700FCBC2A43143F00A2A7B7 /* SDWebImage in Frameworks */,
				C700FCBE2A43143F00A2A7B7 /* SDWebImageMapKit in Frameworks */,
				C700FCB92A4313E200A2A7B7 /* Alamofire in Frameworks */,
			);
			runOnlyForDeploymentPostprocessing = 0;
		};
/* End PBXFrameworksBuildPhase section */

/* Begin PBXGroup section */
		C700FC8F2A4312DC00A2A7B7 = {
			isa = PBXGroup;
			children = (
				C700FC9A2A4312DC00A2A7B7 /* photo_app_MVC_w408 */,
				C700FC992A4312DC00A2A7B7 /* Products */,
			);
			sourceTree = "<group>";
		};
		C700FC992A4312DC00A2A7B7 /* Products */ = {
			isa = PBXGroup;
			children = (
				C700FC982A4312DC00A2A7B7 /* photo_app_MVC_w408.app */,
			);
			name = Products;
			sourceTree = "<group>";
		};
		C700FC9A2A4312DC00A2A7B7 /* photo_app_MVC_w408 */ = {
			isa = PBXGroup;
			children = (
				C700FCC52A4317AB00A2A7B7 /* View */,
				C700FCC22A43156400A2A7B7 /* StoryBoard */,
				C700FCBF2A4314DC00A2A7B7 /* Model */,
				C700FCAF2A43130500A2A7B7 /* Api */,
				C700FCB22A43131D00A2A7B7 /* Controller */,
				C700FC9B2A4312DC00A2A7B7 /* AppDelegate.swift */,
				C700FC9D2A4312DC00A2A7B7 /* SceneDelegate.swift */,
				C700FCC32A4316BC00A2A7B7 /* CustomImageView.swift */,
				C700FCA42A4312DD00A2A7B7 /* Assets.xcassets */,
				C700FCA92A4312DD00A2A7B7 /* Info.plist */,
			);
			path = photo_app_MVC_w408;
			sourceTree = "<group>";
		};
		C700FCAF2A43130500A2A7B7 /* Api */ = {
			isa = PBXGroup;
			children = (
				C700FCB02A43130500A2A7B7 /* Api.swift */,
			);
			name = Api;
			path = ../../photo_app_w407/photo_app_w407/Api;
			sourceTree = "<group>";
		};
		C700FCB22A43131D00A2A7B7 /* Controller */ = {
			isa = PBXGroup;
			children = (
				C700FCB32A43131E00A2A7B7 /* ViewController.swift */,
			);
			name = Controller;
			path = ../../photo_app_w407/photo_app_w407/Controller;
			sourceTree = "<group>";
		};
		C700FCBF2A4314DC00A2A7B7 /* Model */ = {
			isa = PBXGroup;
			children = (
				C700FCC02A43151800A2A7B7 /* PhotoModel.swift */,
			);
			path = Model;
			sourceTree = "<group>";
		};
		C700FCC22A43156400A2A7B7 /* StoryBoard */ = {
			isa = PBXGroup;
			children = (
				C700FCA62A4312DD00A2A7B7 /* LaunchScreen.storyboard */,
				C700FCA12A4312DC00A2A7B7 /* Main.storyboard */,
			);
			path = StoryBoard;
			sourceTree = "<group>";
		};
		C700FCC52A4317AB00A2A7B7 /* View */ = {
			isa = PBXGroup;
			children = (
				C700FCB42A43131E00A2A7B7 /* CollectionViewCell.swift */,
			);
			path = View;
			sourceTree = "<group>";
		};
/* End PBXGroup section */

/* Begin PBXNativeTarget section */
		C700FC972A4312DC00A2A7B7 /* photo_app_MVC_w408 */ = {
			isa = PBXNativeTarget;
			buildConfigurationList = C700FCAC2A4312DD00A2A7B7 /* Build configuration list for PBXNativeTarget "photo_app_MVC_w408" */;
			buildPhases = (
				C700FC942A4312DC00A2A7B7 /* Sources */,
				C700FC952A4312DC00A2A7B7 /* Frameworks */,
				C700FC962A4312DC00A2A7B7 /* Resources */,
			);
			buildRules = (
			);
			dependencies = (
			);
			name = photo_app_MVC_w408;
			packageProductDependencies = (
				C700FCB82A4313E200A2A7B7 /* Alamofire */,
				C700FCBB2A43143F00A2A7B7 /* SDWebImage */,
				C700FCBD2A43143F00A2A7B7 /* SDWebImageMapKit */,
			);
			productName = photo_app_MVC_w408;
			productReference = C700FC982A4312DC00A2A7B7 /* photo_app_MVC_w408.app */;
			productType = "com.apple.product-type.application";
		};
/* End PBXNativeTarget section */

/* Begin PBXProject section */
		C700FC902A4312DC00A2A7B7 /* Project object */ = {
			isa = PBXProject;
			attributes = {
				BuildIndependentTargetsInParallel = 1;
				LastSwiftUpdateCheck = 1430;
				LastUpgradeCheck = 1430;
				TargetAttributes = {
					C700FC972A4312DC00A2A7B7 = {
						CreatedOnToolsVersion = 14.3.1;
					};
				};
			};
			buildConfigurationList = C700FC932A4312DC00A2A7B7 /* Build configuration list for PBXProject "photo_app_MVC_w408" */;
			compatibilityVersion = "Xcode 14.0";
			developmentRegion = en;
			hasScannedForEncodings = 0;
			knownRegions = (
				en,
				Base,
			);
			mainGroup = C700FC8F2A4312DC00A2A7B7;
			packageReferences = (
				C700FCB72A4313E200A2A7B7 /* XCRemoteSwiftPackageReference "Alamofire" */,
				C700FCBA2A43143F00A2A7B7 /* XCRemoteSwiftPackageReference "SDWebImage" */,
			);
			productRefGroup = C700FC992A4312DC00A2A7B7 /* Products */;
			projectDirPath = "";
			projectRoot = "";
			targets = (
				C700FC972A4312DC00A2A7B7 /* photo_app_MVC_w408 */,
			);
		};
/* End PBXProject section */

/* Begin PBXResourcesBuildPhase section */
		C700FC962A4312DC00A2A7B7 /* Resources */ = {
			isa = PBXResourcesBuildPhase;
			buildActionMask = 2147483647;
			files = (
				C700FCA82A4312DD00A2A7B7 /* LaunchScreen.storyboard in Resources */,
				C700FCA52A4312DD00A2A7B7 /* Assets.xcassets in Resources */,
				C700FCA32A4312DC00A2A7B7 /* Main.storyboard in Resources */,
			);
			runOnlyForDeploymentPostprocessing = 0;
		};
/* End PBXResourcesBuildPhase section */

/* Begin PBXSourcesBuildPhase section */
		C700FC942A4312DC00A2A7B7 /* Sources */ = {
			isa = PBXSourcesBuildPhase;
			buildActionMask = 2147483647;
			files = (
				C700FCC12A43151800A2A7B7 /* PhotoModel.swift in Sources */,
				C700FCB52A43131E00A2A7B7 /* ViewController.swift in Sources */,
				C700FCB62A43131E00A2A7B7 /* CollectionViewCell.swift in Sources */,
				C700FCC42A4316BC00A2A7B7 /* CustomImageView.swift in Sources */,
				C700FC9C2A4312DC00A2A7B7 /* AppDelegate.swift in Sources */,
				C700FCB12A43130500A2A7B7 /* Api.swift in Sources */,
				C700FC9E2A4312DC00A2A7B7 /* SceneDelegate.swift in Sources */,
			);
			runOnlyForDeploymentPostprocessing = 0;
		};
/* End PBXSourcesBuildPhase section */

/* Begin PBXVariantGroup section */
		C700FCA12A4312DC00A2A7B7 /* Main.storyboard */ = {
			isa = PBXVariantGroup;
			children = (
				C700FCA22A4312DC00A2A7B7 /* Base */,
			);
			name = Main.storyboard;
			sourceTree = "<group>";
		};
		C700FCA62A4312DD00A2A7B7 /* LaunchScreen.storyboard */ = {
			isa = PBXVariantGroup;
			children = (
				C700FCA72A4312DD00A2A7B7 /* Base */,
			);
			name = LaunchScreen.storyboard;
			sourceTree = "<group>";
		};
/* End PBXVariantGroup section */

/* Begin XCBuildConfiguration section */
		C700FCAA2A4312DD00A2A7B7 /* Debug */ = {
			isa = XCBuildConfiguration;
			buildSettings = {
				ALWAYS_SEARCH_USER_PATHS = NO;
				CLANG_ANALYZER_NONNULL = YES;
				CLANG_ANALYZER_NUMBER_OBJECT_CONVERSION = YES_AGGRESSIVE;
				CLANG_CXX_LANGUAGE_STANDARD = "gnu++20";
				CLANG_ENABLE_MODULES = YES;
				CLANG_ENABLE_OBJC_ARC = YES;
				CLANG_ENABLE_OBJC_WEAK = YES;
				CLANG_WARN_BLOCK_CAPTURE_AUTORELEASING = YES;
				CLANG_WARN_BOOL_CONVERSION = YES;
				CLANG_WARN_COMMA = YES;
				CLANG_WARN_CONSTANT_CONVERSION = YES;
				CLANG_WARN_DEPRECATED_OBJC_IMPLEMENTATIONS = YES;
				CLANG_WARN_DIRECT_OBJC_ISA_USAGE = YES_ERROR;
				CLANG_WARN_DOCUMENTATION_COMMENTS = YES;
				CLANG_WARN_EMPTY_BODY = YES;
				CLANG_WARN_ENUM_CONVERSION = YES;
				CLANG_WARN_INFINITE_RECURSION = YES;
				CLANG_WARN_INT_CONVERSION = YES;
				CLANG_WARN_NON_LITERAL_NULL_CONVERSION = YES;
				CLANG_WARN_OBJC_IMPLICIT_RETAIN_SELF = YES;
				CLANG_WARN_OBJC_LITERAL_CONVERSION = YES;
				CLANG_WARN_OBJC_ROOT_CLASS = YES_ERROR;
				CLANG_WARN_QUOTED_INCLUDE_IN_FRAMEWORK_HEADER = YES;
				CLANG_WARN_RANGE_LOOP_ANALYSIS = YES;
				CLANG_WARN_STRICT_PROTOTYPES = YES;
				CLANG_WARN_SUSPICIOUS_MOVE = YES;
				CLANG_WARN_UNGUARDED_AVAILABILITY = YES_AGGRESSIVE;
				CLANG_WARN_UNREACHABLE_CODE = YES;
				CLANG_WARN__DUPLICATE_METHOD_MATCH = YES;
				COPY_PHASE_STRIP = NO;
				DEBUG_INFORMATION_FORMAT = dwarf;
				ENABLE_STRICT_OBJC_MSGSEND = YES;
				ENABLE_TESTABILITY = YES;
				GCC_C_LANGUAGE_STANDARD = gnu11;
				GCC_DYNAMIC_NO_PIC = NO;
				GCC_NO_COMMON_BLOCKS = YES;
				GCC_OPTIMIZATION_LEVEL = 0;
				GCC_PREPROCESSOR_DEFINITIONS = (
					"DEBUG=1",
					"$(inherited)",
				);
				GCC_WARN_64_TO_32_BIT_CONVERSION = YES;
				GCC_WARN_ABOUT_RETURN_TYPE = YES_ERROR;
				GCC_WARN_UNDECLARED_SELECTOR = YES;
				GCC_WARN_UNINITIALIZED_AUTOS = YES_AGGRESSIVE;
				GCC_WARN_UNUSED_FUNCTION = YES;
				GCC_WARN_UNUSED_VARIABLE = YES;
				IPHONEOS_DEPLOYMENT_TARGET = 16.4;
				MTL_ENABLE_DEBUG_INFO = INCLUDE_SOURCE;
				MTL_FAST_MATH = YES;
				ONLY_ACTIVE_ARCH = YES;
				SDKROOT = iphoneos;
				SWIFT_ACTIVE_COMPILATION_CONDITIONS = DEBUG;
				SWIFT_OPTIMIZATION_LEVEL = "-Onone";
			};
			name = Debug;
		};
		C700FCAB2A4312DD00A2A7B7 /* Release */ = {
			isa = XCBuildConfiguration;
			buildSettings = {
				ALWAYS_SEARCH_USER_PATHS = NO;
				CLANG_ANALYZER_NONNULL = YES;
				CLANG_ANALYZER_NUMBER_OBJECT_CONVERSION = YES_AGGRESSIVE;
				CLANG_CXX_LANGUAGE_STANDARD = "gnu++20";
				CLANG_ENABLE_MODULES = YES;
				CLANG_ENABLE_OBJC_ARC = YES;
				CLANG_ENABLE_OBJC_WEAK = YES;
				CLANG_WARN_BLOCK_CAPTURE_AUTORELEASING = YES;
				CLANG_WARN_BOOL_CONVERSION = YES;
				CLANG_WARN_COMMA = YES;
				CLANG_WARN_CONSTANT_CONVERSION = YES;
				CLANG_WARN_DEPRECATED_OBJC_IMPLEMENTATIONS = YES;
				CLANG_WARN_DIRECT_OBJC_ISA_USAGE = YES_ERROR;
				CLANG_WARN_DOCUMENTATION_COMMENTS = YES;
				CLANG_WARN_EMPTY_BODY = YES;
				CLANG_WARN_ENUM_CONVERSION = YES;
				CLANG_WARN_INFINITE_RECURSION = YES;
				CLANG_WARN_INT_CONVERSION = YES;
				CLANG_WARN_NON_LITERAL_NULL_CONVERSION = YES;
				CLANG_WARN_OBJC_IMPLICIT_RETAIN_SELF = YES;
				CLANG_WARN_OBJC_LITERAL_CONVERSION = YES;
				CLANG_WARN_OBJC_ROOT_CLASS = YES_ERROR;
				CLANG_WARN_QUOTED_INCLUDE_IN_FRAMEWORK_HEADER = YES;
				CLANG_WARN_RANGE_LOOP_ANALYSIS = YES;
				CLANG_WARN_STRICT_PROTOTYPES = YES;
				CLANG_WARN_SUSPICIOUS_MOVE = YES;
				CLANG_WARN_UNGUARDED_AVAILABILITY = YES_AGGRESSIVE;
				CLANG_WARN_UNREACHABLE_CODE = YES;
				CLANG_WARN__DUPLICATE_METHOD_MATCH = YES;
				COPY_PHASE_STRIP = NO;
				DEBUG_INFORMATION_FORMAT = "dwarf-with-dsym";
				ENABLE_NS_ASSERTIONS = NO;
				ENABLE_STRICT_OBJC_MSGSEND = YES;
				GCC_C_LANGUAGE_STANDARD = gnu11;
				GCC_NO_COMMON_BLOCKS = YES;
				GCC_WARN_64_TO_32_BIT_CONVERSION = YES;
				GCC_WARN_ABOUT_RETURN_TYPE = YES_ERROR;
				GCC_WARN_UNDECLARED_SELECTOR = YES;
				GCC_WARN_UNINITIALIZED_AUTOS = YES_AGGRESSIVE;
				GCC_WARN_UNUSED_FUNCTION = YES;
				GCC_WARN_UNUSED_VARIABLE = YES;
				IPHONEOS_DEPLOYMENT_TARGET = 16.4;
				MTL_ENABLE_DEBUG_INFO = NO;
				MTL_FAST_MATH = YES;
				SDKROOT = iphoneos;
				SWIFT_COMPILATION_MODE = wholemodule;
				SWIFT_OPTIMIZATION_LEVEL = "-O";
				VALIDATE_PRODUCT = YES;
			};
			name = Release;
		};
		C700FCAD2A4312DD00A2A7B7 /* Debug */ = {
			isa = XCBuildConfiguration;
			buildSettings = {
				ASSETCATALOG_COMPILER_APPICON_NAME = AppIcon;
				ASSETCATALOG_COMPILER_GLOBAL_ACCENT_COLOR_NAME = AccentColor;
				CODE_SIGN_STYLE = Automatic;
				CURRENT_PROJECT_VERSION = 1;
				GENERATE_INFOPLIST_FILE = YES;
				INFOPLIST_FILE = photo_app_MVC_w408/Info.plist;
				INFOPLIST_KEY_UIApplicationSupportsIndirectInputEvents = YES;
				INFOPLIST_KEY_UILaunchStoryboardName = LaunchScreen;
				INFOPLIST_KEY_UIMainStoryboardFile = Main;
				INFOPLIST_KEY_UISupportedInterfaceOrientations_iPad = "UIInterfaceOrientationPortrait UIInterfaceOrientationPortraitUpsideDown UIInterfaceOrientationLandscapeLeft UIInterfaceOrientationLandscapeRight";
				INFOPLIST_KEY_UISupportedInterfaceOrientations_iPhone = "UIInterfaceOrientationPortrait UIInterfaceOrientationLandscapeLeft UIInterfaceOrientationLandscapeRight";
				LD_RUNPATH_SEARCH_PATHS = (
					"$(inherited)",
					"@executable_path/Frameworks",
				);
				MARKETING_VERSION = 1.0;
				PRODUCT_BUNDLE_IDENTIFIER = "test.photo-app-MVC-w408";
				PRODUCT_NAME = "$(TARGET_NAME)";
				SWIFT_EMIT_LOC_STRINGS = YES;
				SWIFT_VERSION = 5.0;
				TARGETED_DEVICE_FAMILY = "1,2";
			};
			name = Debug;
		};
		C700FCAE2A4312DD00A2A7B7 /* Release */ = {
			isa = XCBuildConfiguration;
			buildSettings = {
				ASSETCATALOG_COMPILER_APPICON_NAME = AppIcon;
				ASSETCATALOG_COMPILER_GLOBAL_ACCENT_COLOR_NAME = AccentColor;
				CODE_SIGN_STYLE = Automatic;
				CURRENT_PROJECT_VERSION = 1;
				GENERATE_INFOPLIST_FILE = YES;
				INFOPLIST_FILE = photo_app_MVC_w408/Info.plist;
				INFOPLIST_KEY_UIApplicationSupportsIndirectInputEvents = YES;
				INFOPLIST_KEY_UILaunchStoryboardName = LaunchScreen;
				INFOPLIST_KEY_UIMainStoryboardFile = Main;
				INFOPLIST_KEY_UISupportedInterfaceOrientations_iPad = "UIInterfaceOrientationPortrait UIInterfaceOrientationPortraitUpsideDown UIInterfaceOrientationLandscapeLeft UIInterfaceOrientationLandscapeRight";
				INFOPLIST_KEY_UISupportedInterfaceOrientations_iPhone = "UIInterfaceOrientationPortrait UIInterfaceOrientationLandscapeLeft UIInterfaceOrientationLandscapeRight";
				LD_RUNPATH_SEARCH_PATHS = (
					"$(inherited)",
					"@executable_path/Frameworks",
				);
				MARKETING_VERSION = 1.0;
				PRODUCT_BUNDLE_IDENTIFIER = "test.photo-app-MVC-w408";
				PRODUCT_NAME = "$(TARGET_NAME)";
				SWIFT_EMIT_LOC_STRINGS = YES;
				SWIFT_VERSION = 5.0;
				TARGETED_DEVICE_FAMILY = "1,2";
			};
			name = Release;
		};
/* End XCBuildConfiguration section */

/* Begin XCConfigurationList section */
		C700FC932A4312DC00A2A7B7 /* Build configuration list for PBXProject "photo_app_MVC_w408" */ = {
			isa = XCConfigurationList;
			buildConfigurations = (
				C700FCAA2A4312DD00A2A7B7 /* Debug */,
				C700FCAB2A4312DD00A2A7B7 /* Release */,
			);
			defaultConfigurationIsVisible = 0;
			defaultConfigurationName = Release;
		};
		C700FCAC2A4312DD00A2A7B7 /* Build configuration list for PBXNativeTarget "photo_app_MVC_w408" */ = {
			isa = XCConfigurationList;
			buildConfigurations = (
				C700FCAD2A4312DD00A2A7B7 /* Debug */,
				C700FCAE2A4312DD00A2A7B7 /* Release */,
			);
			defaultConfigurationIsVisible = 0;
			defaultConfigurationName = Release;
		};
/* End XCConfigurationList section */

/* Begin XCRemoteSwiftPackageReference section */
		C700FCB72A4313E200A2A7B7 /* XCRemoteSwiftPackageReference "Alamofire" */ = {
			isa = XCRemoteSwiftPackageReference;
			repositoryURL = "https://github.com/Alamofire/Alamofire.git";
			requirement = {
				kind = upToNextMajorVersion;
				minimumVersion = 5.0.0;
			};
		};
		C700FCBA2A43143F00A2A7B7 /* XCRemoteSwiftPackageReference "SDWebImage" */ = {
			isa = XCRemoteSwiftPackageReference;
			repositoryURL = "https://github.com/SDWebImage/SDWebImage.git";
			requirement = {
				kind = upToNextMajorVersion;
				minimumVersion = 5.0.0;
			};
		};
/* End XCRemoteSwiftPackageReference section */

/* Begin XCSwiftPackageProductDependency section */
		C700FCB82A4313E200A2A7B7 /* Alamofire */ = {
			isa = XCSwiftPackageProductDependency;
			package = C700FCB72A4313E200A2A7B7 /* XCRemoteSwiftPackageReference "Alamofire" */;
			productName = Alamofire;
		};
		C700FCBB2A43143F00A2A7B7 /* SDWebImage */ = {
			isa = XCSwiftPackageProductDependency;
			package = C700FCBA2A43143F00A2A7B7 /* XCRemoteSwiftPackageReference "SDWebImage" */;
			productName = SDWebImage;
		};
		C700FCBD2A43143F00A2A7B7 /* SDWebImageMapKit */ = {
			isa = XCSwiftPackageProductDependency;
			package = C700FCBA2A43143F00A2A7B7 /* XCRemoteSwiftPackageReference "SDWebImage" */;
			productName = SDWebImageMapKit;
		};
/* End XCSwiftPackageProductDependency section */
	};
	rootObject = C700FC902A4312DC00A2A7B7 /* Project object */;
}
