// !$*UTF8*$!
{
	archiveVersion = 1;
	classes = {
	};
	objectVersion = 56;
	objects = {

/* Begin PBXBuildFile section */
		C7060E0E2A3C606F00A6D4BF /* String + Extension.swift in Sources */ = {isa = PBXBuildFile; fileRef = C7060E0D2A3C606F00A6D4BF /* String + Extension.swift */; };
		C7060E102A3C646000A6D4BF /* UIAlertController + Extension.swift in Sources */ = {isa = PBXBuildFile; fileRef = C7060E0F2A3C646000A6D4BF /* UIAlertController + Extension.swift */; };
		C72F7B892A402C04000EAA30 /* SignUpViewController.swift in Sources */ = {isa = PBXBuildFile; fileRef = C72F7B882A402C04000EAA30 /* SignUpViewController.swift */; };
		C72F7B8F2A40415F000EAA30 /* SignUpUtils.swift in Sources */ = {isa = PBXBuildFile; fileRef = C72F7B8E2A40415F000EAA30 /* SignUpUtils.swift */; };
		C766AB752A3C863200080E47 /* LoginUtils.swift in Sources */ = {isa = PBXBuildFile; fileRef = C766AB742A3C863200080E47 /* LoginUtils.swift */; };
		C769742A2A406F700039CB8E /* HomeViewController.swift in Sources */ = {isa = PBXBuildFile; fileRef = C76974292A406F700039CB8E /* HomeViewController.swift */; };
		C769742C2A4074B20039CB8E /* CommonUtils.swift in Sources */ = {isa = PBXBuildFile; fileRef = C769742B2A4074B10039CB8E /* CommonUtils.swift */; };
		C76974302A4083CF0039CB8E /* HomeTableViewCell.swift in Sources */ = {isa = PBXBuildFile; fileRef = C769742F2A4083CF0039CB8E /* HomeTableViewCell.swift */; };
		C790A0512A3B83DA00BC1B82 /* AppDelegate.swift in Sources */ = {isa = PBXBuildFile; fileRef = C790A0502A3B83DA00BC1B82 /* AppDelegate.swift */; };
		C790A0532A3B83DA00BC1B82 /* SceneDelegate.swift in Sources */ = {isa = PBXBuildFile; fileRef = C790A0522A3B83DA00BC1B82 /* SceneDelegate.swift */; };
		C790A0552A3B83DA00BC1B82 /* ViewController.swift in Sources */ = {isa = PBXBuildFile; fileRef = C790A0542A3B83DA00BC1B82 /* ViewController.swift */; };
		C790A0582A3B83DA00BC1B82 /* Main.storyboard in Resources */ = {isa = PBXBuildFile; fileRef = C790A0562A3B83DA00BC1B82 /* Main.storyboard */; };
		C790A05A2A3B83DB00BC1B82 /* Assets.xcassets in Resources */ = {isa = PBXBuildFile; fileRef = C790A0592A3B83DB00BC1B82 /* Assets.xcassets */; };
		C790A05D2A3B83DB00BC1B82 /* LaunchScreen.storyboard in Resources */ = {isa = PBXBuildFile; fileRef = C790A05B2A3B83DB00BC1B82 /* LaunchScreen.storyboard */; };
/* End PBXBuildFile section */

/* Begin PBXFileReference section */
		C7060E0D2A3C606F00A6D4BF /* String + Extension.swift */ = {isa = PBXFileReference; lastKnownFileType = sourcecode.swift; path = "String + Extension.swift"; sourceTree = "<group>"; };
		C7060E0F2A3C646000A6D4BF /* UIAlertController + Extension.swift */ = {isa = PBXFileReference; lastKnownFileType = sourcecode.swift; path = "UIAlertController + Extension.swift"; sourceTree = "<group>"; };
		C72F7B882A402C04000EAA30 /* SignUpViewController.swift */ = {isa = PBXFileReference; lastKnownFileType = sourcecode.swift; path = SignUpViewController.swift; sourceTree = "<group>"; };
		C72F7B8E2A40415F000EAA30 /* SignUpUtils.swift */ = {isa = PBXFileReference; lastKnownFileType = sourcecode.swift; path = SignUpUtils.swift; sourceTree = "<group>"; };
		C766AB742A3C863200080E47 /* LoginUtils.swift */ = {isa = PBXFileReference; lastKnownFileType = sourcecode.swift; path = LoginUtils.swift; sourceTree = "<group>"; };
		C76974292A406F700039CB8E /* HomeViewController.swift */ = {isa = PBXFileReference; lastKnownFileType = sourcecode.swift; path = HomeViewController.swift; sourceTree = "<group>"; };
		C769742B2A4074B10039CB8E /* CommonUtils.swift */ = {isa = PBXFileReference; lastKnownFileType = sourcecode.swift; path = CommonUtils.swift; sourceTree = "<group>"; };
		C769742F2A4083CF0039CB8E /* HomeTableViewCell.swift */ = {isa = PBXFileReference; lastKnownFileType = sourcecode.swift; path = HomeTableViewCell.swift; sourceTree = "<group>"; };
		C790A04D2A3B83DA00BC1B82 /* Login_Workshop.app */ = {isa = PBXFileReference; explicitFileType = wrapper.application; includeInIndex = 0; path = Login_Workshop.app; sourceTree = BUILT_PRODUCTS_DIR; };
		C790A0502A3B83DA00BC1B82 /* AppDelegate.swift */ = {isa = PBXFileReference; lastKnownFileType = sourcecode.swift; path = AppDelegate.swift; sourceTree = "<group>"; };
		C790A0522A3B83DA00BC1B82 /* SceneDelegate.swift */ = {isa = PBXFileReference; lastKnownFileType = sourcecode.swift; path = SceneDelegate.swift; sourceTree = "<group>"; };
		C790A0542A3B83DA00BC1B82 /* ViewController.swift */ = {isa = PBXFileReference; lastKnownFileType = sourcecode.swift; path = ViewController.swift; sourceTree = "<group>"; };
		C790A0572A3B83DA00BC1B82 /* Base */ = {isa = PBXFileReference; lastKnownFileType = file.storyboard; name = Base; path = Base.lproj/Main.storyboard; sourceTree = "<group>"; };
		C790A0592A3B83DB00BC1B82 /* Assets.xcassets */ = {isa = PBXFileReference; lastKnownFileType = folder.assetcatalog; path = Assets.xcassets; sourceTree = "<group>"; };
		C790A05C2A3B83DB00BC1B82 /* Base */ = {isa = PBXFileReference; lastKnownFileType = file.storyboard; name = Base; path = Base.lproj/LaunchScreen.storyboard; sourceTree = "<group>"; };
		C790A05E2A3B83DB00BC1B82 /* Info.plist */ = {isa = PBXFileReference; lastKnownFileType = text.plist.xml; path = Info.plist; sourceTree = "<group>"; };
/* End PBXFileReference section */

/* Begin PBXFrameworksBuildPhase section */
		C790A04A2A3B83DA00BC1B82 /* Frameworks */ = {
			isa = PBXFrameworksBuildPhase;
			buildActionMask = 2147483647;
			files = (
			);
			runOnlyForDeploymentPostprocessing = 0;
		};
/* End PBXFrameworksBuildPhase section */

/* Begin PBXGroup section */
		C7060E0C2A3C5FEA00A6D4BF /* Extension */ = {
			isa = PBXGroup;
			children = (
				C7060E0D2A3C606F00A6D4BF /* String + Extension.swift */,
				C7060E0F2A3C646000A6D4BF /* UIAlertController + Extension.swift */,
			);
			path = Extension;
			sourceTree = "<group>";
		};
		C72F7B842A4018A7000EAA30 /* Login */ = {
			isa = PBXGroup;
			children = (
				C790A0542A3B83DA00BC1B82 /* ViewController.swift */,
			);
			path = Login;
			sourceTree = "<group>";
		};
		C72F7B852A40245F000EAA30 /* SignUp */ = {
			isa = PBXGroup;
			children = (
				C72F7B882A402C04000EAA30 /* SignUpViewController.swift */,
			);
			path = SignUp;
			sourceTree = "<group>";
		};
		C72F7B902A404168000EAA30 /* Utils */ = {
			isa = PBXGroup;
			children = (
				C72F7B8E2A40415F000EAA30 /* SignUpUtils.swift */,
				C766AB742A3C863200080E47 /* LoginUtils.swift */,
				C769742B2A4074B10039CB8E /* CommonUtils.swift */,
			);
			path = Utils;
			sourceTree = "<group>";
		};
		C76974272A406C300039CB8E /* Modules */ = {
			isa = PBXGroup;
			children = (
				C76974282A406C490039CB8E /* Home */,
				C72F7B852A40245F000EAA30 /* SignUp */,
				C72F7B842A4018A7000EAA30 /* Login */,
			);
			path = Modules;
			sourceTree = "<group>";
		};
		C76974282A406C490039CB8E /* Home */ = {
			isa = PBXGroup;
			children = (
				C76974292A406F700039CB8E /* HomeViewController.swift */,
				C769742F2A4083CF0039CB8E /* HomeTableViewCell.swift */,
			);
			path = Home;
			sourceTree = "<group>";
		};
		C790A0442A3B83DA00BC1B82 = {
			isa = PBXGroup;
			children = (
				C790A04F2A3B83DA00BC1B82 /* Login_Workshop */,
				C790A04E2A3B83DA00BC1B82 /* Products */,
			);
			sourceTree = "<group>";
		};
		C790A04E2A3B83DA00BC1B82 /* Products */ = {
			isa = PBXGroup;
			children = (
				C790A04D2A3B83DA00BC1B82 /* Login_Workshop.app */,
			);
			name = Products;
			sourceTree = "<group>";
		};
		C790A04F2A3B83DA00BC1B82 /* Login_Workshop */ = {
			isa = PBXGroup;
			children = (
				C76974272A406C300039CB8E /* Modules */,
				C72F7B902A404168000EAA30 /* Utils */,
				C7060E0C2A3C5FEA00A6D4BF /* Extension */,
				C790A0502A3B83DA00BC1B82 /* AppDelegate.swift */,
				C790A0522A3B83DA00BC1B82 /* SceneDelegate.swift */,
				C790A0562A3B83DA00BC1B82 /* Main.storyboard */,
				C790A0592A3B83DB00BC1B82 /* Assets.xcassets */,
				C790A05B2A3B83DB00BC1B82 /* LaunchScreen.storyboard */,
				C790A05E2A3B83DB00BC1B82 /* Info.plist */,
			);
			path = Login_Workshop;
			sourceTree = "<group>";
		};
/* End PBXGroup section */

/* Begin PBXNativeTarget section */
		C790A04C2A3B83DA00BC1B82 /* Login_Workshop */ = {
			isa = PBXNativeTarget;
			buildConfigurationList = C790A0612A3B83DB00BC1B82 /* Build configuration list for PBXNativeTarget "Login_Workshop" */;
			buildPhases = (
				C790A0492A3B83DA00BC1B82 /* Sources */,
				C790A04A2A3B83DA00BC1B82 /* Frameworks */,
				C790A04B2A3B83DA00BC1B82 /* Resources */,
			);
			buildRules = (
			);
			dependencies = (
			);
			name = Login_Workshop;
			productName = Login_Workshop;
			productReference = C790A04D2A3B83DA00BC1B82 /* Login_Workshop.app */;
			productType = "com.apple.product-type.application";
		};
/* End PBXNativeTarget section */

/* Begin PBXProject section */
		C790A0452A3B83DA00BC1B82 /* Project object */ = {
			isa = PBXProject;
			attributes = {
				BuildIndependentTargetsInParallel = 1;
				LastSwiftUpdateCheck = 1430;
				LastUpgradeCheck = 1430;
				TargetAttributes = {
					C790A04C2A3B83DA00BC1B82 = {
						CreatedOnToolsVersion = 14.3.1;
					};
				};
			};
			buildConfigurationList = C790A0482A3B83DA00BC1B82 /* Build configuration list for PBXProject "Login_Workshop" */;
			compatibilityVersion = "Xcode 14.0";
			developmentRegion = en;
			hasScannedForEncodings = 0;
			knownRegions = (
				en,
				Base,
			);
			mainGroup = C790A0442A3B83DA00BC1B82;
			productRefGroup = C790A04E2A3B83DA00BC1B82 /* Products */;
			projectDirPath = "";
			projectRoot = "";
			targets = (
				C790A04C2A3B83DA00BC1B82 /* Login_Workshop */,
			);
		};
/* End PBXProject section */

/* Begin PBXResourcesBuildPhase section */
		C790A04B2A3B83DA00BC1B82 /* Resources */ = {
			isa = PBXResourcesBuildPhase;
			buildActionMask = 2147483647;
			files = (
				C790A05D2A3B83DB00BC1B82 /* LaunchScreen.storyboard in Resources */,
				C790A05A2A3B83DB00BC1B82 /* Assets.xcassets in Resources */,
				C790A0582A3B83DA00BC1B82 /* Main.storyboard in Resources */,
			);
			runOnlyForDeploymentPostprocessing = 0;
		};
/* End PBXResourcesBuildPhase section */

/* Begin PBXSourcesBuildPhase section */
		C790A0492A3B83DA00BC1B82 /* Sources */ = {
			isa = PBXSourcesBuildPhase;
			buildActionMask = 2147483647;
			files = (
				C790A0552A3B83DA00BC1B82 /* ViewController.swift in Sources */,
				C72F7B892A402C04000EAA30 /* SignUpViewController.swift in Sources */,
				C7060E102A3C646000A6D4BF /* UIAlertController + Extension.swift in Sources */,
				C790A0512A3B83DA00BC1B82 /* AppDelegate.swift in Sources */,
				C766AB752A3C863200080E47 /* LoginUtils.swift in Sources */,
				C76974302A4083CF0039CB8E /* HomeTableViewCell.swift in Sources */,
				C769742A2A406F700039CB8E /* HomeViewController.swift in Sources */,
				C769742C2A4074B20039CB8E /* CommonUtils.swift in Sources */,
				C72F7B8F2A40415F000EAA30 /* SignUpUtils.swift in Sources */,
				C7060E0E2A3C606F00A6D4BF /* String + Extension.swift in Sources */,
				C790A0532A3B83DA00BC1B82 /* SceneDelegate.swift in Sources */,
			);
			runOnlyForDeploymentPostprocessing = 0;
		};
/* End PBXSourcesBuildPhase section */

/* Begin PBXVariantGroup section */
		C790A0562A3B83DA00BC1B82 /* Main.storyboard */ = {
			isa = PBXVariantGroup;
			children = (
				C790A0572A3B83DA00BC1B82 /* Base */,
			);
			name = Main.storyboard;
			sourceTree = "<group>";
		};
		C790A05B2A3B83DB00BC1B82 /* LaunchScreen.storyboard */ = {
			isa = PBXVariantGroup;
			children = (
				C790A05C2A3B83DB00BC1B82 /* Base */,
			);
			name = LaunchScreen.storyboard;
			sourceTree = "<group>";
		};
/* End PBXVariantGroup section */

/* Begin XCBuildConfiguration section */
		C790A05F2A3B83DB00BC1B82 /* Debug */ = {
			isa = XCBuildConfiguration;
			buildSettings = {
				ALWAYS_SEARCH_USER_PATHS = NO;
				CLANG_ANALYZER_NONNULL = YES;
				CLANG_ANALYZER_NUMBER_OBJECT_CONVERSION = YES_AGGRESSIVE;
				CLANG_CXX_LANGUAGE_STANDARD = "gnu++20";
				CLANG_ENABLE_MODULES = YES;
				CLANG_ENABLE_OBJC_ARC = YES;
				CLANG_ENABLE_OBJC_WEAK = YES;
				CLANG_WARN_BLOCK_CAPTURE_AUTORELEASING = YES;
				CLANG_WARN_BOOL_CONVERSION = YES;
				CLANG_WARN_COMMA = YES;
				CLANG_WARN_CONSTANT_CONVERSION = YES;
				CLANG_WARN_DEPRECATED_OBJC_IMPLEMENTATIONS = YES;
				CLANG_WARN_DIRECT_OBJC_ISA_USAGE = YES_ERROR;
				CLANG_WARN_DOCUMENTATION_COMMENTS = YES;
				CLANG_WARN_EMPTY_BODY = YES;
				CLANG_WARN_ENUM_CONVERSION = YES;
				CLANG_WARN_INFINITE_RECURSION = YES;
				CLANG_WARN_INT_CONVERSION = YES;
				CLANG_WARN_NON_LITERAL_NULL_CONVERSION = YES;
				CLANG_WARN_OBJC_IMPLICIT_RETAIN_SELF = YES;
				CLANG_WARN_OBJC_LITERAL_CONVERSION = YES;
				CLANG_WARN_OBJC_ROOT_CLASS = YES_ERROR;
				CLANG_WARN_QUOTED_INCLUDE_IN_FRAMEWORK_HEADER = YES;
				CLANG_WARN_RANGE_LOOP_ANALYSIS = YES;
				CLANG_WARN_STRICT_PROTOTYPES = YES;
				CLANG_WARN_SUSPICIOUS_MOVE = YES;
				CLANG_WARN_UNGUARDED_AVAILABILITY = YES_AGGRESSIVE;
				CLANG_WARN_UNREACHABLE_CODE = YES;
				CLANG_WARN__DUPLICATE_METHOD_MATCH = YES;
				COPY_PHASE_STRIP = NO;
				DEBUG_INFORMATION_FORMAT = dwarf;
				ENABLE_STRICT_OBJC_MSGSEND = YES;
				ENABLE_TESTABILITY = YES;
				GCC_C_LANGUAGE_STANDARD = gnu11;
				GCC_DYNAMIC_NO_PIC = NO;
				GCC_NO_COMMON_BLOCKS = YES;
				GCC_OPTIMIZATION_LEVEL = 0;
				GCC_PREPROCESSOR_DEFINITIONS = (
					"DEBUG=1",
					"$(inherited)",
				);
				GCC_WARN_64_TO_32_BIT_CONVERSION = YES;
				GCC_WARN_ABOUT_RETURN_TYPE = YES_ERROR;
				GCC_WARN_UNDECLARED_SELECTOR = YES;
				GCC_WARN_UNINITIALIZED_AUTOS = YES_AGGRESSIVE;
				GCC_WARN_UNUSED_FUNCTION = YES;
				GCC_WARN_UNUSED_VARIABLE = YES;
				IPHONEOS_DEPLOYMENT_TARGET = 16.4;
				MTL_ENABLE_DEBUG_INFO = INCLUDE_SOURCE;
				MTL_FAST_MATH = YES;
				ONLY_ACTIVE_ARCH = YES;
				SDKROOT = iphoneos;
				SWIFT_ACTIVE_COMPILATION_CONDITIONS = DEBUG;
				SWIFT_OPTIMIZATION_LEVEL = "-Onone";
			};
			name = Debug;
		};
		C790A0602A3B83DB00BC1B82 /* Release */ = {
			isa = XCBuildConfiguration;
			buildSettings = {
				ALWAYS_SEARCH_USER_PATHS = NO;
				CLANG_ANALYZER_NONNULL = YES;
				CLANG_ANALYZER_NUMBER_OBJECT_CONVERSION = YES_AGGRESSIVE;
				CLANG_CXX_LANGUAGE_STANDARD = "gnu++20";
				CLANG_ENABLE_MODULES = YES;
				CLANG_ENABLE_OBJC_ARC = YES;
				CLANG_ENABLE_OBJC_WEAK = YES;
				CLANG_WARN_BLOCK_CAPTURE_AUTORELEASING = YES;
				CLANG_WARN_BOOL_CONVERSION = YES;
				CLANG_WARN_COMMA = YES;
				CLANG_WARN_CONSTANT_CONVERSION = YES;
				CLANG_WARN_DEPRECATED_OBJC_IMPLEMENTATIONS = YES;
				CLANG_WARN_DIRECT_OBJC_ISA_USAGE = YES_ERROR;
				CLANG_WARN_DOCUMENTATION_COMMENTS = YES;
				CLANG_WARN_EMPTY_BODY = YES;
				CLANG_WARN_ENUM_CONVERSION = YES;
				CLANG_WARN_INFINITE_RECURSION = YES;
				CLANG_WARN_INT_CONVERSION = YES;
				CLANG_WARN_NON_LITERAL_NULL_CONVERSION = YES;
				CLANG_WARN_OBJC_IMPLICIT_RETAIN_SELF = YES;
				CLANG_WARN_OBJC_LITERAL_CONVERSION = YES;
				CLANG_WARN_OBJC_ROOT_CLASS = YES_ERROR;
				CLANG_WARN_QUOTED_INCLUDE_IN_FRAMEWORK_HEADER = YES;
				CLANG_WARN_RANGE_LOOP_ANALYSIS = YES;
				CLANG_WARN_STRICT_PROTOTYPES = YES;
				CLANG_WARN_SUSPICIOUS_MOVE = YES;
				CLANG_WARN_UNGUARDED_AVAILABILITY = YES_AGGRESSIVE;
				CLANG_WARN_UNREACHABLE_CODE = YES;
				CLANG_WARN__DUPLICATE_METHOD_MATCH = YES;
				COPY_PHASE_STRIP = NO;
				DEBUG_INFORMATION_FORMAT = "dwarf-with-dsym";
				ENABLE_NS_ASSERTIONS = NO;
				ENABLE_STRICT_OBJC_MSGSEND = YES;
				GCC_C_LANGUAGE_STANDARD = gnu11;
				GCC_NO_COMMON_BLOCKS = YES;
				GCC_WARN_64_TO_32_BIT_CONVERSION = YES;
				GCC_WARN_ABOUT_RETURN_TYPE = YES_ERROR;
				GCC_WARN_UNDECLARED_SELECTOR = YES;
				GCC_WARN_UNINITIALIZED_AUTOS = YES_AGGRESSIVE;
				GCC_WARN_UNUSED_FUNCTION = YES;
				GCC_WARN_UNUSED_VARIABLE = YES;
				IPHONEOS_DEPLOYMENT_TARGET = 16.4;
				MTL_ENABLE_DEBUG_INFO = NO;
				MTL_FAST_MATH = YES;
				SDKROOT = iphoneos;
				SWIFT_COMPILATION_MODE = wholemodule;
				SWIFT_OPTIMIZATION_LEVEL = "-O";
				VALIDATE_PRODUCT = YES;
			};
			name = Release;
		};
		C790A0622A3B83DB00BC1B82 /* Debug */ = {
			isa = XCBuildConfiguration;
			buildSettings = {
				ASSETCATALOG_COMPILER_APPICON_NAME = AppIcon;
				ASSETCATALOG_COMPILER_GLOBAL_ACCENT_COLOR_NAME = AccentColor;
				CODE_SIGN_STYLE = Automatic;
				CURRENT_PROJECT_VERSION = 1;
				GENERATE_INFOPLIST_FILE = YES;
				INFOPLIST_FILE = Login_Workshop/Info.plist;
				INFOPLIST_KEY_UIApplicationSupportsIndirectInputEvents = YES;
				INFOPLIST_KEY_UILaunchStoryboardName = LaunchScreen;
				INFOPLIST_KEY_UIMainStoryboardFile = Main;
				INFOPLIST_KEY_UISupportedInterfaceOrientations_iPad = "UIInterfaceOrientationPortrait UIInterfaceOrientationPortraitUpsideDown UIInterfaceOrientationLandscapeLeft UIInterfaceOrientationLandscapeRight";
				INFOPLIST_KEY_UISupportedInterfaceOrientations_iPhone = "UIInterfaceOrientationPortrait UIInterfaceOrientationLandscapeLeft UIInterfaceOrientationLandscapeRight";
				LD_RUNPATH_SEARCH_PATHS = (
					"$(inherited)",
					"@executable_path/Frameworks",
				);
				MARKETING_VERSION = 1.0;
				PRODUCT_BUNDLE_IDENTIFIER = "test.Login-Workshop";
				PRODUCT_NAME = "$(TARGET_NAME)";
				SWIFT_EMIT_LOC_STRINGS = YES;
				SWIFT_VERSION = 5.0;
				TARGETED_DEVICE_FAMILY = "1,2";
			};
			name = Debug;
		};
		C790A0632A3B83DB00BC1B82 /* Release */ = {
			isa = XCBuildConfiguration;
			buildSettings = {
				ASSETCATALOG_COMPILER_APPICON_NAME = AppIcon;
				ASSETCATALOG_COMPILER_GLOBAL_ACCENT_COLOR_NAME = AccentColor;
				CODE_SIGN_STYLE = Automatic;
				CURRENT_PROJECT_VERSION = 1;
				GENERATE_INFOPLIST_FILE = YES;
				INFOPLIST_FILE = Login_Workshop/Info.plist;
				INFOPLIST_KEY_UIApplicationSupportsIndirectInputEvents = YES;
				INFOPLIST_KEY_UILaunchStoryboardName = LaunchScreen;
				INFOPLIST_KEY_UIMainStoryboardFile = Main;
				INFOPLIST_KEY_UISupportedInterfaceOrientations_iPad = "UIInterfaceOrientationPortrait UIInterfaceOrientationPortraitUpsideDown UIInterfaceOrientationLandscapeLeft UIInterfaceOrientationLandscapeRight";
				INFOPLIST_KEY_UISupportedInterfaceOrientations_iPhone = "UIInterfaceOrientationPortrait UIInterfaceOrientationLandscapeLeft UIInterfaceOrientationLandscapeRight";
				LD_RUNPATH_SEARCH_PATHS = (
					"$(inherited)",
					"@executable_path/Frameworks",
				);
				MARKETING_VERSION = 1.0;
				PRODUCT_BUNDLE_IDENTIFIER = "test.Login-Workshop";
				PRODUCT_NAME = "$(TARGET_NAME)";
				SWIFT_EMIT_LOC_STRINGS = YES;
				SWIFT_VERSION = 5.0;
				TARGETED_DEVICE_FAMILY = "1,2";
			};
			name = Release;
		};
/* End XCBuildConfiguration section */

/* Begin XCConfigurationList section */
		C790A0482A3B83DA00BC1B82 /* Build configuration list for PBXProject "Login_Workshop" */ = {
			isa = XCConfigurationList;
			buildConfigurations = (
				C790A05F2A3B83DB00BC1B82 /* Debug */,
				C790A0602A3B83DB00BC1B82 /* Release */,
			);
			defaultConfigurationIsVisible = 0;
			defaultConfigurationName = Release;
		};
		C790A0612A3B83DB00BC1B82 /* Build configuration list for PBXNativeTarget "Login_Workshop" */ = {
			isa = XCConfigurationList;
			buildConfigurations = (
				C790A0622A3B83DB00BC1B82 /* Debug */,
				C790A0632A3B83DB00BC1B82 /* Release */,
			);
			defaultConfigurationIsVisible = 0;
			defaultConfigurationName = Release;
		};
/* End XCConfigurationList section */
	};
	rootObject = C790A0452A3B83DA00BC1B82 /* Project object */;
}
